<Solution>
  <Project Path="SilkAssimp/SilkAssimp.csproj" />
  <Project Path="SilkCore/SilkCore.csproj" />
  <Project Path="SilkToolkit/SilkToolkit.csproj" />
  <Folder Name="/Examples/">
    <Project Path="Examples/SharpDX.Core/CoreWpfTest/CoreWpfTest.csproj" />
    <Project Path="Examples/SharpDX.Core/DynamicPointsAndLines/DynamicPointsAndLines.csproj" />
    <Project Path="Examples/SharpDX.Core/OffScreenRendering/OffScreenRendering.csproj" />
    <Project Path="Examples/SharpDX.Core/WinFormsTest/WinFormsTest.csproj" />
    <Project Path="Examples/WPF.SharpDX/BatchedMeshDemo/BatchedMeshDemo.csproj" />
    <Project Path="Examples/WPF.SharpDX/BillboardDemo/BillboardDemo.csproj" />
    <Project Path="Examples/WPF.SharpDX/BoneSkinDemo/BoneSkinDemo.csproj" />
    <Project Path="Examples/WPF.SharpDX/CrossSectionDemo/CrossSectionDemo.csproj" />
    <Project Path="Examples/WPF.SharpDX/CustomShaderDemo/CustomShaderDemo.csproj" />
    <Project Path="Examples/WPF.SharpDX/CustomViewCubeDemo/CustomViewCubeDemo.csproj" />
    <Project Path="Examples/WPF.SharpDX/D2DScreenMenuExample/D2DScreenMenuExample.csproj" />
    <Project Path="Examples/WPF.SharpDX/DeferredShadingDemo/DeferredShadingDemo.csproj" />
    <Project Path="Examples/WPF.SharpDX/DemoCore/DemoCore.csproj" />
    <Project Path="Examples/WPF.SharpDX/DynamicCodeSurfaceDemo/DynamicCodeSurfaceDemo.csproj" />
    <Project Path="Examples/WPF.SharpDX/DynamicTextureDemo/DynamicTextureDemo.csproj" />
    <Project Path="Examples/WPF.SharpDX/EnvironmentMapDemo/EnvironmentMapDemo.csproj" />
    <Project Path="Examples/WPF.SharpDX/ExampleBrowser/ExampleBrowser.csproj" />
    <Project Path="Examples/WPF.SharpDX/FileLoadDemo/FileLoadDemo.csproj" />
    <Project Path="Examples/WPF.SharpDX/GenericMaterialDemo/GenericMaterialDemo.csproj" />
    <Project Path="Examples/WPF.SharpDX/GroupElementTester/GroupElementTester.csproj" />
    <Project Path="Examples/WPF.SharpDX/ImageViewDemo/ImageViewDemo.csproj" />
    <Project Path="Examples/WPF.SharpDX/InstancingDemo/InstancingDemo.csproj" />
    <Project Path="Examples/WPF.SharpDX/LightingDemo/LightingDemo.csproj" />
    <Project Path="Examples/WPF.SharpDX/LineShadingDemo/LineShadingDemo.csproj" />
    <Project Path="Examples/WPF.SharpDX/ManipulatorDemo/ManipulatorDemo.csproj" />
    <Project Path="Examples/WPF.SharpDX/MaterialDemo/MaterialDemo.csproj" />
    <Project Path="Examples/WPF.SharpDX/MemoryLeakTester/MemoryLeakTester.csproj" />
    <Project Path="Examples/WPF.SharpDX/MeshSimplification/MeshSimplification.csproj" />
    <Project Path="Examples/WPF.SharpDX/MorphTargetAnimation/MorphTargetAnimationDemo.csproj" />
    <Project Path="Examples/WPF.SharpDX/MouseDragDemo/MouseDragDemo.csproj" />
    <Project Path="Examples/WPF.SharpDX/OctreeDemo/OctreeDemo.csproj" />
    <Project Path="Examples/WPF.SharpDX/OrderIndependantTransparentRendering/OrderIndependantTransparentRendering.csproj" />
    <Project Path="Examples/WPF.SharpDX/ParticleSystemDemo/ParticleSystemDemo.csproj" />
    <Project Path="Examples/WPF.SharpDX/PolygonTriangulationDemo/PolygonTriangulationDemo.csproj" />
    <Project Path="Examples/WPF.SharpDX/PostEffectsDemo/PostEffectsDemo.csproj" />
    <Project Path="Examples/WPF.SharpDX/RenderTechniqueImportExport/RenderTechniqueImportExport.csproj" />
    <Project Path="Examples/WPF.SharpDX/ScreenDuplicationDemo/ScreenDuplicationDemo.csproj" />
    <Project Path="Examples/WPF.SharpDX/ScreenSpaceDemo/ScreenSpaceDemo.csproj" />
    <Project Path="Examples/WPF.SharpDX/ShadowMapDemo/ShadowMapDemo.csproj" />
    <Project Path="Examples/WPF.SharpDX/SimpleDemo/SimpleDemo.csproj" />
    <Project Path="Examples/WPF.SharpDX/SSAODemo/SSAODemo.csproj" />
    <Project Path="Examples/WPF.SharpDX/SwapChainRenderingDemo/SwapChainRenderingDemo.csproj" />
    <Project Path="Examples/WPF.SharpDX/TemplateDemo/TemplateDemo.csproj" />
    <Project Path="Examples/WPF.SharpDX/TessellationDemo/TessellationDemo.csproj" />
    <Project Path="Examples/WPF.SharpDX/Viewport3DXCodeBehindTester/Viewport3DXCodeBehindTester.csproj" />
    <Project Path="Examples/WPF.SharpDX/VolumeRendering/VolumeRendering.csproj" />
    <Project Path="Examples/WPF.SharpDX/XRayDemo/XRayDemo.csproj" />
  </Folder>
</Solution>
