<Solution>
    <Project Path="SilkToolkit.Native.ShaderBuilder/SilkToolkit.Native.ShaderBuilder.csproj"/>
    <Folder Name="/Solution Items/"/>
    <Project Path="SilkAssimp/SilkAssimp.csproj"/>
    <Project Path="SilkCore/SilkCore.csproj"/>
    <Project Path="SilkToolkit/SilkToolkit.csproj"/>
    <Folder Name="/Tests/">
        <Project Path="SilkAssimp.Tests/SilkAssimp.Tests.csproj"/>
        <Project Path="SilkCore.Tests/SilkCore.Tests.csproj"/>
        <Project Path="SilkToolkit.Tests/SilkToolkit.Tests.csproj"/>
    </Folder>
    <Folder Name="/Examples/">
        <Project Path="Examples/SilkCore/CoreWpfTest/CoreWpfTest.csproj"/>
        <Project Path="Examples/SilkCore/DynamicPointsAndLines/DynamicPointsAndLines.csproj"/>
        <Project Path="Examples/SilkCore/OffScreenRendering/OffScreenRendering.csproj"/>
        <Project Path="Examples/SilkCore/WinFormsTest/WinFormsTest.csproj"/>
        <Project Path="Examples/SilkToolkit/BatchedMeshDemo/BatchedMeshDemo.csproj"/>
        <Project Path="Examples/SilkToolkit/BillboardDemo/BillboardDemo.csproj"/>
        <Project Path="Examples/SilkToolkit/BoneSkinDemo/BoneSkinDemo.csproj"/>
        <Project Path="Examples/SilkToolkit/CrossSectionDemo/CrossSectionDemo.csproj"/>
        <Project Path="Examples/SilkToolkit/CustomShaderDemo/CustomShaderDemo.csproj"/>
        <Project Path="Examples/SilkToolkit/CustomViewCubeDemo/CustomViewCubeDemo.csproj"/>
        <Project Path="Examples/SilkToolkit/D2DScreenMenuExample/D2DScreenMenuExample.csproj"/>
        <Project Path="Examples/SilkToolkit/DeferredShadingDemo/DeferredShadingDemo.csproj"/>
        <Project Path="Examples/SilkToolkit/DemoCore/DemoCore.csproj"/>
        <Project Path="Examples/SilkToolkit/DynamicCodeSurfaceDemo/DynamicCodeSurfaceDemo.csproj"/>
        <Project Path="Examples/SilkToolkit/DynamicTextureDemo/DynamicTextureDemo.csproj"/>
        <Project Path="Examples/SilkToolkit/EnvironmentMapDemo/EnvironmentMapDemo.csproj"/>
        <Project Path="Examples/SilkToolkit/ExampleBrowser/ExampleBrowser.csproj"/>
        <Project Path="Examples/SilkToolkit/FileLoadDemo/FileLoadDemo.csproj"/>
        <Project Path="Examples/SilkToolkit/GenericMaterialDemo/GenericMaterialDemo.csproj"/>
        <Project Path="Examples/SilkToolkit/GroupElementTester/GroupElementTester.csproj"/>
        <Project Path="Examples/SilkToolkit/ImageViewDemo/ImageViewDemo.csproj"/>
        <Project Path="Examples/SilkToolkit/InstancingDemo/InstancingDemo.csproj"/>
        <Project Path="Examples/SilkToolkit/LightingDemo/LightingDemo.csproj"/>
        <Project Path="Examples/SilkToolkit/LineShadingDemo/LineShadingDemo.csproj"/>
        <Project Path="Examples/SilkToolkit/ManipulatorDemo/ManipulatorDemo.csproj"/>
        <Project Path="Examples/SilkToolkit/MaterialDemo/MaterialDemo.csproj"/>
        <Project Path="Examples/SilkToolkit/MemoryLeakTester/MemoryLeakTester.csproj"/>
        <Project Path="Examples/SilkToolkit/MeshSimplification/MeshSimplification.csproj"/>
        <Project Path="Examples/SilkToolkit/MorphTargetAnimation/MorphTargetAnimationDemo.csproj"/>
        <Project Path="Examples/SilkToolkit/MouseDragDemo/MouseDragDemo.csproj"/>
        <Project Path="Examples/SilkToolkit/OctreeDemo/OctreeDemo.csproj"/>
        <Project
                Path="Examples/SilkToolkit/OrderIndependantTransparentRendering/OrderIndependantTransparentRendering.csproj"/>
        <Project Path="Examples/SilkToolkit/ParticleSystemDemo/ParticleSystemDemo.csproj"/>
        <Project Path="Examples/SilkToolkit/PolygonTriangulationDemo/PolygonTriangulationDemo.csproj"/>
        <Project Path="Examples/SilkToolkit/PostEffectsDemo/PostEffectsDemo.csproj"/>
        <Project Path="Examples/SilkToolkit/RenderTechniqueImportExport/RenderTechniqueImportExport.csproj"/>
        <Project Path="Examples/SilkToolkit/ScreenDuplicationDemo/ScreenDuplicationDemo.csproj"/>
        <Project Path="Examples/SilkToolkit/ScreenSpaceDemo/ScreenSpaceDemo.csproj"/>
        <Project Path="Examples/SilkToolkit/ShadowMapDemo/ShadowMapDemo.csproj"/>
        <Project Path="Examples/SilkToolkit/SimpleDemo/SimpleDemo.csproj"/>
        <Project Path="Examples/SilkToolkit/SSAODemo/SSAODemo.csproj"/>
        <Project Path="Examples/SilkToolkit/SwapChainRenderingDemo/SwapChainRenderingDemo.csproj"/>
        <Project Path="Examples/SilkToolkit/TemplateDemo/TemplateDemo.csproj"/>
        <Project Path="Examples/SilkToolkit/TessellationDemo/TessellationDemo.csproj"/>
        <Project Path="Examples/SilkToolkit/Viewport3DXCodeBehindTester/Viewport3DXCodeBehindTester.csproj"/>
        <Project Path="Examples/SilkToolkit/VolumeRendering/VolumeRendering.csproj"/>
        <Project Path="Examples/SilkToolkit/XRayDemo/XRayDemo.csproj"/>
    </Folder>
</Solution>
